
Microsoft Visual Studio Solution File, Format Version 12.00
# Visual Studio Version 17
VisualStudioVersion = 17.0.31903.59
MinimumVisualStudioVersion = 10.0.40219.1
Project("{FAE04EC0-301F-11D3-BF4B-00C04F79EFBC}") = "MyCollection", "MyCollection\MyCollection.csproj", "{9FFE4525-7018-4453-A3E4-A8AB78FDF583}"
EndProject
Project("{FAE04EC0-301F-11D3-BF4B-00C04F79EFBC}") = "MyCollection.Models", "MyCollection.Models\MyCollection.Models.csproj", "{182C3DF3-E36D-4B59-ABAF-7B90DC19117D}"
EndProject
Global
	GlobalSection(SolutionConfigurationPlatforms) = preSolution
		Debug|Any CPU = Debug|Any CPU
		Debug|x64 = Debug|x64
		Debug|x86 = Debug|x86
		Release|Any CPU = Release|Any CPU
		Release|x64 = Release|x64
		Release|x86 = Release|x86
	EndGlobalSection
	GlobalSection(ProjectConfigurationPlatforms) = postSolution
		{9FFE4525-7018-4453-A3E4-A8AB78FDF583}.Debug|Any CPU.ActiveCfg = Debug|Any CPU
		{9FFE4525-7018-4453-A3E4-A8AB78FDF583}.Debug|Any CPU.Build.0 = Debug|Any CPU
		{9FFE4525-7018-4453-A3E4-A8AB78FDF583}.Debug|x64.ActiveCfg = Debug|Any CPU
		{9FFE4525-7018-4453-A3E4-A8AB78FDF583}.Debug|x64.Build.0 = Debug|Any CPU
		{9FFE4525-7018-4453-A3E4-A8AB78FDF583}.Debug|x86.ActiveCfg = Debug|Any CPU
		{9FFE4525-7018-4453-A3E4-A8AB78FDF583}.Debug|x86.Build.0 = Debug|Any CPU
		{9FFE4525-7018-4453-A3E4-A8AB78FDF583}.Release|Any CPU.ActiveCfg = Release|Any CPU
		{9FFE4525-7018-4453-A3E4-A8AB78FDF583}.Release|Any CPU.Build.0 = Release|Any CPU
		{9FFE4525-7018-4453-A3E4-A8AB78FDF583}.Release|x64.ActiveCfg = Release|Any CPU
		{9FFE4525-7018-4453-A3E4-A8AB78FDF583}.Release|x64.Build.0 = Release|Any CPU
		{9FFE4525-7018-4453-A3E4-A8AB78FDF583}.Release|x86.ActiveCfg = Release|Any CPU
		{9FFE4525-7018-4453-A3E4-A8AB78FDF583}.Release|x86.Build.0 = Release|Any CPU
		{182C3DF3-E36D-4B59-ABAF-7B90DC19117D}.Debug|Any CPU.ActiveCfg = Debug|Any CPU
		{182C3DF3-E36D-4B59-ABAF-7B90DC19117D}.Debug|Any CPU.Build.0 = Debug|Any CPU
		{182C3DF3-E36D-4B59-ABAF-7B90DC19117D}.Debug|x64.ActiveCfg = Debug|Any CPU
		{182C3DF3-E36D-4B59-ABAF-7B90DC19117D}.Debug|x64.Build.0 = Debug|Any CPU
		{182C3DF3-E36D-4B59-ABAF-7B90DC19117D}.Debug|x86.ActiveCfg = Debug|Any CPU
		{182C3DF3-E36D-4B59-ABAF-7B90DC19117D}.Debug|x86.Build.0 = Debug|Any CPU
		{182C3DF3-E36D-4B59-ABAF-7B90DC19117D}.Release|Any CPU.ActiveCfg = Release|Any CPU
		{182C3DF3-E36D-4B59-ABAF-7B90DC19117D}.Release|Any CPU.Build.0 = Release|Any CPU
		{182C3DF3-E36D-4B59-ABAF-7B90DC19117D}.Release|x64.ActiveCfg = Release|Any CPU
		{182C3DF3-E36D-4B59-ABAF-7B90DC19117D}.Release|x64.Build.0 = Release|Any CPU
		{182C3DF3-E36D-4B59-ABAF-7B90DC19117D}.Release|x86.ActiveCfg = Release|Any CPU
		{182C3DF3-E36D-4B59-ABAF-7B90DC19117D}.Release|x86.Build.0 = Release|Any CPU
	EndGlobalSection
	GlobalSection(SolutionProperties) = preSolution
		HideSolutionNode = FALSE
	EndGlobalSection
EndGlobal
