
Microsoft Visual Studio Solution File, Format Version 12.00
# Visual Studio Version 17
VisualStudioVersion = 17.0.31903.59
MinimumVisualStudioVersion = 10.0.40219.1
Project("{FAE04EC0-301F-11D3-BF4B-00C04F79EFBC}") = "MyCollection", "MyCollection\MyCollection.csproj", "{76253BDB-E7AA-44B4-A593-2D2CC80A06CF}"
EndProject
Project("{FAE04EC0-301F-11D3-BF4B-00C04F79EFBC}") = "MyCollection.Models", "MyCollection.Models\MyCollection.Models.csproj", "{08F0237E-CD93-43E2-AFFE-1ECE7AF6ED71}"
EndProject
Project("{FAE04EC0-301F-11D3-BF4B-00C04F79EFBC}") = "MyCollection.AppHost", "MyCollection.AppHost\MyCollection.AppHost.csproj", "{BDDA40FB-9CE6-4711-995D-EC10D99C288C}"
EndProject
Project("{FAE04EC0-301F-11D3-BF4B-00C04F79EFBC}") = "MyCollection.ServiceDefaults", "MyCollection.ServiceDefaults\MyCollection.ServiceDefaults.csproj", "{1FB2B002-A82B-462F-8977-E7026EF714E9}"
EndProject
Project("{FAE04EC0-301F-11D3-BF4B-00C04F79EFBC}") = "MyCollection.Messages", "MyCollection.Messages\MyCollection.Messages.csproj", "{A3D85C06-DCAA-4E8C-A024-CBE81D4894D3}"
EndProject
Project("{FAE04EC0-301F-11D3-BF4B-00C04F79EFBC}") = "MyCollection.ThumbnailWorker", "MyCollection.ThumbnailWorker\MyCollection.ThumbnailWorker.csproj", "{A7491E31-0B8E-4749-9506-4C4224E2DDB1}"
EndProject
Project("{FAE04EC0-301F-11D3-BF4B-00C04F79EFBC}") = "MyCollection.AiWorker", "MyCollection.AiWorker\MyCollection.AiWorker.csproj", "{EB9994CE-E6D2-491D-ADD4-6F4C05181495}"
EndProject
Global
	GlobalSection(SolutionConfigurationPlatforms) = preSolution
		Debug|Any CPU = Debug|Any CPU
		Debug|x64 = Debug|x64
		Debug|x86 = Debug|x86
		Release|Any CPU = Release|Any CPU
		Release|x64 = Release|x64
		Release|x86 = Release|x86
	EndGlobalSection
	GlobalSection(ProjectConfigurationPlatforms) = postSolution
		{76253BDB-E7AA-44B4-A593-2D2CC80A06CF}.Debug|Any CPU.ActiveCfg = Debug|Any CPU
		{76253BDB-E7AA-44B4-A593-2D2CC80A06CF}.Debug|Any CPU.Build.0 = Debug|Any CPU
		{76253BDB-E7AA-44B4-A593-2D2CC80A06CF}.Debug|x64.ActiveCfg = Debug|Any CPU
		{76253BDB-E7AA-44B4-A593-2D2CC80A06CF}.Debug|x64.Build.0 = Debug|Any CPU
		{76253BDB-E7AA-44B4-A593-2D2CC80A06CF}.Debug|x86.ActiveCfg = Debug|Any CPU
		{76253BDB-E7AA-44B4-A593-2D2CC80A06CF}.Debug|x86.Build.0 = Debug|Any CPU
		{76253BDB-E7AA-44B4-A593-2D2CC80A06CF}.Release|Any CPU.ActiveCfg = Release|Any CPU
		{76253BDB-E7AA-44B4-A593-2D2CC80A06CF}.Release|Any CPU.Build.0 = Release|Any CPU
		{76253BDB-E7AA-44B4-A593-2D2CC80A06CF}.Release|x64.ActiveCfg = Release|Any CPU
		{76253BDB-E7AA-44B4-A593-2D2CC80A06CF}.Release|x64.Build.0 = Release|Any CPU
		{76253BDB-E7AA-44B4-A593-2D2CC80A06CF}.Release|x86.ActiveCfg = Release|Any CPU
		{76253BDB-E7AA-44B4-A593-2D2CC80A06CF}.Release|x86.Build.0 = Release|Any CPU
		{08F0237E-CD93-43E2-AFFE-1ECE7AF6ED71}.Debug|Any CPU.ActiveCfg = Debug|Any CPU
		{08F0237E-CD93-43E2-AFFE-1ECE7AF6ED71}.Debug|Any CPU.Build.0 = Debug|Any CPU
		{08F0237E-CD93-43E2-AFFE-1ECE7AF6ED71}.Debug|x64.ActiveCfg = Debug|Any CPU
		{08F0237E-CD93-43E2-AFFE-1ECE7AF6ED71}.Debug|x64.Build.0 = Debug|Any CPU
		{08F0237E-CD93-43E2-AFFE-1ECE7AF6ED71}.Debug|x86.ActiveCfg = Debug|Any CPU
		{08F0237E-CD93-43E2-AFFE-1ECE7AF6ED71}.Debug|x86.Build.0 = Debug|Any CPU
		{08F0237E-CD93-43E2-AFFE-1ECE7AF6ED71}.Release|Any CPU.ActiveCfg = Release|Any CPU
		{08F0237E-CD93-43E2-AFFE-1ECE7AF6ED71}.Release|Any CPU.Build.0 = Release|Any CPU
		{08F0237E-CD93-43E2-AFFE-1ECE7AF6ED71}.Release|x64.ActiveCfg = Release|Any CPU
		{08F0237E-CD93-43E2-AFFE-1ECE7AF6ED71}.Release|x64.Build.0 = Release|Any CPU
		{08F0237E-CD93-43E2-AFFE-1ECE7AF6ED71}.Release|x86.ActiveCfg = Release|Any CPU
		{08F0237E-CD93-43E2-AFFE-1ECE7AF6ED71}.Release|x86.Build.0 = Release|Any CPU
		{BDDA40FB-9CE6-4711-995D-EC10D99C288C}.Debug|Any CPU.ActiveCfg = Debug|Any CPU
		{BDDA40FB-9CE6-4711-995D-EC10D99C288C}.Debug|Any CPU.Build.0 = Debug|Any CPU
		{BDDA40FB-9CE6-4711-995D-EC10D99C288C}.Debug|x64.ActiveCfg = Debug|Any CPU
		{BDDA40FB-9CE6-4711-995D-EC10D99C288C}.Debug|x64.Build.0 = Debug|Any CPU
		{BDDA40FB-9CE6-4711-995D-EC10D99C288C}.Debug|x86.ActiveCfg = Debug|Any CPU
		{BDDA40FB-9CE6-4711-995D-EC10D99C288C}.Debug|x86.Build.0 = Debug|Any CPU
		{BDDA40FB-9CE6-4711-995D-EC10D99C288C}.Release|Any CPU.ActiveCfg = Release|Any CPU
		{BDDA40FB-9CE6-4711-995D-EC10D99C288C}.Release|Any CPU.Build.0 = Release|Any CPU
		{BDDA40FB-9CE6-4711-995D-EC10D99C288C}.Release|x64.ActiveCfg = Release|Any CPU
		{BDDA40FB-9CE6-4711-995D-EC10D99C288C}.Release|x64.Build.0 = Release|Any CPU
		{BDDA40FB-9CE6-4711-995D-EC10D99C288C}.Release|x86.ActiveCfg = Release|Any CPU
		{BDDA40FB-9CE6-4711-995D-EC10D99C288C}.Release|x86.Build.0 = Release|Any CPU
		{1FB2B002-A82B-462F-8977-E7026EF714E9}.Debug|Any CPU.ActiveCfg = Debug|Any CPU
		{1FB2B002-A82B-462F-8977-E7026EF714E9}.Debug|Any CPU.Build.0 = Debug|Any CPU
		{1FB2B002-A82B-462F-8977-E7026EF714E9}.Debug|x64.ActiveCfg = Debug|Any CPU
		{1FB2B002-A82B-462F-8977-E7026EF714E9}.Debug|x64.Build.0 = Debug|Any CPU
		{1FB2B002-A82B-462F-8977-E7026EF714E9}.Debug|x86.ActiveCfg = Debug|Any CPU
		{1FB2B002-A82B-462F-8977-E7026EF714E9}.Debug|x86.Build.0 = Debug|Any CPU
		{1FB2B002-A82B-462F-8977-E7026EF714E9}.Release|Any CPU.ActiveCfg = Release|Any CPU
		{1FB2B002-A82B-462F-8977-E7026EF714E9}.Release|Any CPU.Build.0 = Release|Any CPU
		{1FB2B002-A82B-462F-8977-E7026EF714E9}.Release|x64.ActiveCfg = Release|Any CPU
		{1FB2B002-A82B-462F-8977-E7026EF714E9}.Release|x64.Build.0 = Release|Any CPU
		{1FB2B002-A82B-462F-8977-E7026EF714E9}.Release|x86.ActiveCfg = Release|Any CPU
		{1FB2B002-A82B-462F-8977-E7026EF714E9}.Release|x86.Build.0 = Release|Any CPU
		{A3D85C06-DCAA-4E8C-A024-CBE81D4894D3}.Debug|Any CPU.ActiveCfg = Debug|Any CPU
		{A3D85C06-DCAA-4E8C-A024-CBE81D4894D3}.Debug|Any CPU.Build.0 = Debug|Any CPU
		{A3D85C06-DCAA-4E8C-A024-CBE81D4894D3}.Debug|x64.ActiveCfg = Debug|Any CPU
		{A3D85C06-DCAA-4E8C-A024-CBE81D4894D3}.Debug|x64.Build.0 = Debug|Any CPU
		{A3D85C06-DCAA-4E8C-A024-CBE81D4894D3}.Debug|x86.ActiveCfg = Debug|Any CPU
		{A3D85C06-DCAA-4E8C-A024-CBE81D4894D3}.Debug|x86.Build.0 = Debug|Any CPU
		{A3D85C06-DCAA-4E8C-A024-CBE81D4894D3}.Release|Any CPU.ActiveCfg = Release|Any CPU
		{A3D85C06-DCAA-4E8C-A024-CBE81D4894D3}.Release|Any CPU.Build.0 = Release|Any CPU
		{A3D85C06-DCAA-4E8C-A024-CBE81D4894D3}.Release|x64.ActiveCfg = Release|Any CPU
		{A3D85C06-DCAA-4E8C-A024-CBE81D4894D3}.Release|x64.Build.0 = Release|Any CPU
		{A3D85C06-DCAA-4E8C-A024-CBE81D4894D3}.Release|x86.ActiveCfg = Release|Any CPU
		{A3D85C06-DCAA-4E8C-A024-CBE81D4894D3}.Release|x86.Build.0 = Release|Any CPU
		{A7491E31-0B8E-4749-9506-4C4224E2DDB1}.Debug|Any CPU.ActiveCfg = Debug|Any CPU
		{A7491E31-0B8E-4749-9506-4C4224E2DDB1}.Debug|Any CPU.Build.0 = Debug|Any CPU
		{A7491E31-0B8E-4749-9506-4C4224E2DDB1}.Debug|x64.ActiveCfg = Debug|Any CPU
		{A7491E31-0B8E-4749-9506-4C4224E2DDB1}.Debug|x64.Build.0 = Debug|Any CPU
		{A7491E31-0B8E-4749-9506-4C4224E2DDB1}.Debug|x86.ActiveCfg = Debug|Any CPU
		{A7491E31-0B8E-4749-9506-4C4224E2DDB1}.Debug|x86.Build.0 = Debug|Any CPU
		{A7491E31-0B8E-4749-9506-4C4224E2DDB1}.Release|Any CPU.ActiveCfg = Release|Any CPU
		{A7491E31-0B8E-4749-9506-4C4224E2DDB1}.Release|Any CPU.Build.0 = Release|Any CPU
		{A7491E31-0B8E-4749-9506-4C4224E2DDB1}.Release|x64.ActiveCfg = Release|Any CPU
		{A7491E31-0B8E-4749-9506-4C4224E2DDB1}.Release|x64.Build.0 = Release|Any CPU
		{A7491E31-0B8E-4749-9506-4C4224E2DDB1}.Release|x86.ActiveCfg = Release|Any CPU
		{A7491E31-0B8E-4749-9506-4C4224E2DDB1}.Release|x86.Build.0 = Release|Any CPU
		{EB9994CE-E6D2-491D-ADD4-6F4C05181495}.Debug|Any CPU.ActiveCfg = Debug|Any CPU
		{EB9994CE-E6D2-491D-ADD4-6F4C05181495}.Debug|Any CPU.Build.0 = Debug|Any CPU
		{EB9994CE-E6D2-491D-ADD4-6F4C05181495}.Debug|x64.ActiveCfg = Debug|Any CPU
		{EB9994CE-E6D2-491D-ADD4-6F4C05181495}.Debug|x64.Build.0 = Debug|Any CPU
		{EB9994CE-E6D2-491D-ADD4-6F4C05181495}.Debug|x86.ActiveCfg = Debug|Any CPU
		{EB9994CE-E6D2-491D-ADD4-6F4C05181495}.Debug|x86.Build.0 = Debug|Any CPU
		{EB9994CE-E6D2-491D-ADD4-6F4C05181495}.Release|Any CPU.ActiveCfg = Release|Any CPU
		{EB9994CE-E6D2-491D-ADD4-6F4C05181495}.Release|Any CPU.Build.0 = Release|Any CPU
		{EB9994CE-E6D2-491D-ADD4-6F4C05181495}.Release|x64.ActiveCfg = Release|Any CPU
		{EB9994CE-E6D2-491D-ADD4-6F4C05181495}.Release|x64.Build.0 = Release|Any CPU
		{EB9994CE-E6D2-491D-ADD4-6F4C05181495}.Release|x86.ActiveCfg = Release|Any CPU
		{EB9994CE-E6D2-491D-ADD4-6F4C05181495}.Release|x86.Build.0 = Release|Any CPU
	EndGlobalSection
	GlobalSection(SolutionProperties) = preSolution
		HideSolutionNode = FALSE
	EndGlobalSection
EndGlobal
